// !$*UTF8*$!
{
	archiveVersion = 1;
	classes = {
	};
	objectVersion = 56;
	objects = {

/* Begin PBXBuildFile section */
		14830A002BFA743E002A41AB /* EurekaApp.swift in Sources */ = {isa = PBXBuildFile; fileRef = 148309FF2BFA743E002A41AB /* EurekaApp.swift */; };
		14830A022BFA743E002A41AB /* ContentView.swift in Sources */ = {isa = PBXBuildFile; fileRef = 14830A012BFA743E002A41AB /* ContentView.swift */; };
		14830A042BFA743F002A41AB /* Assets.xcassets in Resources */ = {isa = PBXBuildFile; fileRef = 14830A032BFA743F002A41AB /* Assets.xcassets */; };
		14830A072BFA743F002A41AB /* Preview Assets.xcassets in Resources */ = {isa = PBXBuildFile; fileRef = 14830A062BFA743F002A41AB /* Preview Assets.xcassets */; };
		14830A0F2BFA74F0002A41AB /* FirebaseFirestore in Frameworks */ = {isa = PBXBuildFile; productRef = 14830A0E2BFA74F0002A41AB /* FirebaseFirestore */; };
		14830A122BFA750B002A41AB /* Lottie in Frameworks */ = {isa = PBXBuildFile; productRef = 14830A112BFA750B002A41AB /* Lottie */; };
		14830A142BFA7524002A41AB /* GoogleService-Info.plist in Resources */ = {isa = PBXBuildFile; fileRef = 14830A132BFA7524002A41AB /* GoogleService-Info.plist */; };
		14830A1D2BFA7532002A41AB /* Animation10.json in Resources */ = {isa = PBXBuildFile; fileRef = 14830A152BFA7532002A41AB /* Animation10.json */; };
		14830A1E2BFA7532002A41AB /* Animation2.json in Resources */ = {isa = PBXBuildFile; fileRef = 14830A162BFA7532002A41AB /* Animation2.json */; };
		14830A1F2BFA7532002A41AB /* Animation13.json in Resources */ = {isa = PBXBuildFile; fileRef = 14830A172BFA7532002A41AB /* Animation13.json */; };
		14830A202BFA7532002A41AB /* Animation6.json in Resources */ = {isa = PBXBuildFile; fileRef = 14830A182BFA7532002A41AB /* Animation6.json */; };
		14830A212BFA7532002A41AB /* AnimationOnbording.json in Resources */ = {isa = PBXBuildFile; fileRef = 14830A192BFA7532002A41AB /* AnimationOnbording.json */; };
		14830A222BFA7532002A41AB /* Animation15.json in Resources */ = {isa = PBXBuildFile; fileRef = 14830A1A2BFA7532002A41AB /* Animation15.json */; };
		14830A232BFA7532002A41AB /* Animation5.json in Resources */ = {isa = PBXBuildFile; fileRef = 14830A1B2BFA7532002A41AB /* Animation5.json */; };
		14830A242BFA7532002A41AB /* Animation11.json in Resources */ = {isa = PBXBuildFile; fileRef = 14830A1C2BFA7532002A41AB /* Animation11.json */; };
		14830A262BFA75D9002A41AB /* HomePage.swift in Sources */ = {isa = PBXBuildFile; fileRef = 14830A252BFA75D9002A41AB /* HomePage.swift */; };
		14830A282BFA75F6002A41AB /* StartSession.swift in Sources */ = {isa = PBXBuildFile; fileRef = 14830A272BFA75F6002A41AB /* StartSession.swift */; };
		14830A2A2BFA7616002A41AB /* DataManager.swift in Sources */ = {isa = PBXBuildFile; fileRef = 14830A292BFA7616002A41AB /* DataManager.swift */; };
		14830A2C2BFA7631002A41AB /* DataItem.swift in Sources */ = {isa = PBXBuildFile; fileRef = 14830A2B2BFA7631002A41AB /* DataItem.swift */; };
		14830A2E2BFA765F002A41AB /* SummaryListView.swift in Sources */ = {isa = PBXBuildFile; fileRef = 14830A2D2BFA765F002A41AB /* SummaryListView.swift */; };
		14830A302BFA76CE002A41AB /* Sheets.swift in Sources */ = {isa = PBXBuildFile; fileRef = 14830A2F2BFA76CE002A41AB /* Sheets.swift */; };
		14830A322BFA76EA002A41AB /* Adding.swift in Sources */ = {isa = PBXBuildFile; fileRef = 14830A312BFA76EA002A41AB /* Adding.swift */; };
		14830A342BFA7707002A41AB /* Sessions.swift in Sources */ = {isa = PBXBuildFile; fileRef = 14830A332BFA7707002A41AB /* Sessions.swift */; };
		14830A362BFA7721002A41AB /* Trials.swift in Sources */ = {isa = PBXBuildFile; fileRef = 14830A352BFA7721002A41AB /* Trials.swift */; };
/* End PBXBuildFile section */

/* Begin PBXFileReference section */
		148309FC2BFA743E002A41AB /* Eureka.app */ = {isa = PBXFileReference; explicitFileType = wrapper.application; includeInIndex = 0; path = Eureka.app; sourceTree = BUILT_PRODUCTS_DIR; };
		148309FF2BFA743E002A41AB /* EurekaApp.swift */ = {isa = PBXFileReference; lastKnownFileType = sourcecode.swift; path = EurekaApp.swift; sourceTree = "<group>"; };
		14830A012BFA743E002A41AB /* ContentView.swift */ = {isa = PBXFileReference; lastKnownFileType = sourcecode.swift; path = ContentView.swift; sourceTree = "<group>"; };
		14830A032BFA743F002A41AB /* Assets.xcassets */ = {isa = PBXFileReference; lastKnownFileType = folder.assetcatalog; path = Assets.xcassets; sourceTree = "<group>"; };
		14830A062BFA743F002A41AB /* Preview Assets.xcassets */ = {isa = PBXFileReference; lastKnownFileType = folder.assetcatalog; path = "Preview Assets.xcassets"; sourceTree = "<group>"; };
		14830A132BFA7524002A41AB /* GoogleService-Info.plist */ = {isa = PBXFileReference; fileEncoding = 4; lastKnownFileType = text.plist.xml; path = "GoogleService-Info.plist"; sourceTree = "<group>"; };
		14830A152BFA7532002A41AB /* Animation10.json */ = {isa = PBXFileReference; fileEncoding = 4; lastKnownFileType = text.json; path = Animation10.json; sourceTree = "<group>"; };
		14830A162BFA7532002A41AB /* Animation2.json */ = {isa = PBXFileReference; fileEncoding = 4; lastKnownFileType = text.json; path = Animation2.json; sourceTree = "<group>"; };
		14830A172BFA7532002A41AB /* Animation13.json */ = {isa = PBXFileReference; fileEncoding = 4; lastKnownFileType = text.json; path = Animation13.json; sourceTree = "<group>"; };
		14830A182BFA7532002A41AB /* Animation6.json */ = {isa = PBXFileReference; fileEncoding = 4; lastKnownFileType = text.json; path = Animation6.json; sourceTree = "<group>"; };
		14830A192BFA7532002A41AB /* AnimationOnbording.json */ = {isa = PBXFileReference; fileEncoding = 4; lastKnownFileType = text.json; path = AnimationOnbording.json; sourceTree = "<group>"; };
		14830A1A2BFA7532002A41AB /* Animation15.json */ = {isa = PBXFileReference; fileEncoding = 4; lastKnownFileType = text.json; path = Animation15.json; sourceTree = "<group>"; };
		14830A1B2BFA7532002A41AB /* Animation5.json */ = {isa = PBXFileReference; fileEncoding = 4; lastKnownFileType = text.json; path = Animation5.json; sourceTree = "<group>"; };
		14830A1C2BFA7532002A41AB /* Animation11.json */ = {isa = PBXFileReference; fileEncoding = 4; lastKnownFileType = text.json; path = Animation11.json; sourceTree = "<group>"; };
		14830A252BFA75D9002A41AB /* HomePage.swift */ = {isa = PBXFileReference; lastKnownFileType = sourcecode.swift; path = HomePage.swift; sourceTree = "<group>"; };
		14830A272BFA75F6002A41AB /* StartSession.swift */ = {isa = PBXFileReference; lastKnownFileType = sourcecode.swift; path = StartSession.swift; sourceTree = "<group>"; };
		14830A292BFA7616002A41AB /* DataManager.swift */ = {isa = PBXFileReference; lastKnownFileType = sourcecode.swift; path = DataManager.swift; sourceTree = "<group>"; };
		14830A2B2BFA7631002A41AB /* DataItem.swift */ = {isa = PBXFileReference; lastKnownFileType = sourcecode.swift; path = DataItem.swift; sourceTree = "<group>"; };
		14830A2D2BFA765F002A41AB /* SummaryListView.swift */ = {isa = PBXFileReference; lastKnownFileType = sourcecode.swift; path = SummaryListView.swift; sourceTree = "<group>"; };
		14830A2F2BFA76CE002A41AB /* Sheets.swift */ = {isa = PBXFileReference; lastKnownFileType = sourcecode.swift; path = Sheets.swift; sourceTree = "<group>"; };
		14830A312BFA76EA002A41AB /* Adding.swift */ = {isa = PBXFileReference; lastKnownFileType = sourcecode.swift; path = Adding.swift; sourceTree = "<group>"; };
		14830A332BFA7707002A41AB /* Sessions.swift */ = {isa = PBXFileReference; lastKnownFileType = sourcecode.swift; path = Sessions.swift; sourceTree = "<group>"; };
		14830A352BFA7721002A41AB /* Trials.swift */ = {isa = PBXFileReference; lastKnownFileType = sourcecode.swift; path = Trials.swift; sourceTree = "<group>"; };
/* End PBXFileReference section */

/* Begin PBXFrameworksBuildPhase section */
		148309F92BFA743E002A41AB /* Frameworks */ = {
			isa = PBXFrameworksBuildPhase;
			buildActionMask = 2147483647;
			files = (
				14830A0F2BFA74F0002A41AB /* FirebaseFirestore in Frameworks */,
				14830A122BFA750B002A41AB /* Lottie in Frameworks */,
			);
			runOnlyForDeploymentPostprocessing = 0;
		};
/* End PBXFrameworksBuildPhase section */

/* Begin PBXGroup section */
		148309F32BFA743E002A41AB = {
			isa = PBXGroup;
			children = (
				148309FE2BFA743E002A41AB /* Eureka */,
				148309FD2BFA743E002A41AB /* Products */,
			);
			sourceTree = "<group>";
		};
		148309FD2BFA743E002A41AB /* Products */ = {
			isa = PBXGroup;
			children = (
				148309FC2BFA743E002A41AB /* Eureka.app */,
			);
			name = Products;
			sourceTree = "<group>";
		};
		148309FE2BFA743E002A41AB /* Eureka */ = {
			isa = PBXGroup;
			children = (
				148309FF2BFA743E002A41AB /* EurekaApp.swift */,
				14830A012BFA743E002A41AB /* ContentView.swift */,
				14830A252BFA75D9002A41AB /* HomePage.swift */,
				14830A272BFA75F6002A41AB /* StartSession.swift */,
				14830A2F2BFA76CE002A41AB /* Sheets.swift */,
				14830A312BFA76EA002A41AB /* Adding.swift */,
				14830A352BFA7721002A41AB /* Trials.swift */,
				14830A332BFA7707002A41AB /* Sessions.swift */,
				14830A2D2BFA765F002A41AB /* SummaryListView.swift */,
				14830A2B2BFA7631002A41AB /* DataItem.swift */,
				14830A292BFA7616002A41AB /* DataManager.swift */,
				14830A132BFA7524002A41AB /* GoogleService-Info.plist */,
				14830A032BFA743F002A41AB /* Assets.xcassets */,
				14830A162BFA7532002A41AB /* Animation2.json */,
				14830A1B2BFA7532002A41AB /* Animation5.json */,
				14830A182BFA7532002A41AB /* Animation6.json */,
				14830A152BFA7532002A41AB /* Animation10.json */,
				14830A1C2BFA7532002A41AB /* Animation11.json */,
				14830A172BFA7532002A41AB /* Animation13.json */,
				14830A1A2BFA7532002A41AB /* Animation15.json */,
				14830A192BFA7532002A41AB /* AnimationOnbording.json */,
				14830A052BFA743F002A41AB /* Preview Content */,
			);
			path = Eureka;
			sourceTree = "<group>";
		};
		14830A052BFA743F002A41AB /* Preview Content */ = {
			isa = PBXGroup;
			children = (
				14830A062BFA743F002A41AB /* Preview Assets.xcassets */,
			);
			path = "Preview Content";
			sourceTree = "<group>";
		};
/* End PBXGroup section */

/* Begin PBXNativeTarget section */
		148309FB2BFA743E002A41AB /* Eureka */ = {
			isa = PBXNativeTarget;
			buildConfigurationList = 14830A0A2BFA743F002A41AB /* Build configuration list for PBXNativeTarget "Eureka" */;
			buildPhases = (
				148309F82BFA743E002A41AB /* Sources */,
				148309F92BFA743E002A41AB /* Frameworks */,
				148309FA2BFA743E002A41AB /* Resources */,
			);
			buildRules = (
			);
			dependencies = (
			);
			name = Eureka;
			packageProductDependencies = (
				14830A0E2BFA74F0002A41AB /* FirebaseFirestore */,
				14830A112BFA750B002A41AB /* Lottie */,
			);
			productName = Eureka;
			productReference = 148309FC2BFA743E002A41AB /* Eureka.app */;
			productType = "com.apple.product-type.application";
		};
/* End PBXNativeTarget section */

/* Begin PBXProject section */
		148309F42BFA743E002A41AB /* Project object */ = {
			isa = PBXProject;
			attributes = {
				BuildIndependentTargetsInParallel = 1;
				LastSwiftUpdateCheck = 1540;
				LastUpgradeCheck = 1540;
				TargetAttributes = {
					148309FB2BFA743E002A41AB = {
						CreatedOnToolsVersion = 15.4;
					};
				};
			};
			buildConfigurationList = 148309F72BFA743E002A41AB /* Build configuration list for PBXProject "Eureka" */;
			compatibilityVersion = "Xcode 14.0";
			developmentRegion = en;
			hasScannedForEncodings = 0;
			knownRegions = (
				en,
				Base,
			);
			mainGroup = 148309F32BFA743E002A41AB;
			packageReferences = (
				14830A0D2BFA74F0002A41AB /* XCRemoteSwiftPackageReference "firebase-ios-sdk" */,
				14830A102BFA750B002A41AB /* XCRemoteSwiftPackageReference "lottie-ios" */,
			);
			productRefGroup = 148309FD2BFA743E002A41AB /* Products */;
			projectDirPath = "";
			projectRoot = "";
			targets = (
				148309FB2BFA743E002A41AB /* Eureka */,
			);
		};
/* End PBXProject section */

/* Begin PBXResourcesBuildPhase section */
		148309FA2BFA743E002A41AB /* Resources */ = {
			isa = PBXResourcesBuildPhase;
			buildActionMask = 2147483647;
			files = (
				14830A232BFA7532002A41AB /* Animation5.json in Resources */,
				14830A072BFA743F002A41AB /* Preview Assets.xcassets in Resources */,
				14830A212BFA7532002A41AB /* AnimationOnbording.json in Resources */,
				14830A1E2BFA7532002A41AB /* Animation2.json in Resources */,
				14830A1D2BFA7532002A41AB /* Animation10.json in Resources */,
				14830A242BFA7532002A41AB /* Animation11.json in Resources */,
				14830A202BFA7532002A41AB /* Animation6.json in Resources */,
				14830A042BFA743F002A41AB /* Assets.xcassets in Resources */,
				14830A1F2BFA7532002A41AB /* Animation13.json in Resources */,
				14830A222BFA7532002A41AB /* Animation15.json in Resources */,
				14830A142BFA7524002A41AB /* GoogleService-Info.plist in Resources */,
			);
			runOnlyForDeploymentPostprocessing = 0;
		};
/* End PBXResourcesBuildPhase section */

/* Begin PBXSourcesBuildPhase section */
		148309F82BFA743E002A41AB /* Sources */ = {
			isa = PBXSourcesBuildPhase;
			buildActionMask = 2147483647;
			files = (
				14830A022BFA743E002A41AB /* ContentView.swift in Sources */,
				14830A2A2BFA7616002A41AB /* DataManager.swift in Sources */,
				14830A342BFA7707002A41AB /* Sessions.swift in Sources */,
				14830A262BFA75D9002A41AB /* HomePage.swift in Sources */,
				14830A302BFA76CE002A41AB /* Sheets.swift in Sources */,
				14830A322BFA76EA002A41AB /* Adding.swift in Sources */,
				14830A002BFA743E002A41AB /* EurekaApp.swift in Sources */,
				14830A362BFA7721002A41AB /* Trials.swift in Sources */,
				14830A2C2BFA7631002A41AB /* DataItem.swift in Sources */,
				14830A282BFA75F6002A41AB /* StartSession.swift in Sources */,
				14830A2E2BFA765F002A41AB /* SummaryListView.swift in Sources */,
			);
			runOnlyForDeploymentPostprocessing = 0;
		};
/* End PBXSourcesBuildPhase section */

/* Begin XCBuildConfiguration section */
		14830A082BFA743F002A41AB /* Debug */ = {
			isa = XCBuildConfiguration;
			buildSettings = {
				ALWAYS_SEARCH_USER_PATHS = NO;
				ASSETCATALOG_COMPILER_GENERATE_SWIFT_ASSET_SYMBOL_EXTENSIONS = YES;
				CLANG_ANALYZER_NONNULL = YES;
				CLANG_ANALYZER_NUMBER_OBJECT_CONVERSION = YES_AGGRESSIVE;
				CLANG_CXX_LANGUAGE_STANDARD = "gnu++20";
				CLANG_ENABLE_MODULES = YES;
				CLANG_ENABLE_OBJC_ARC = YES;
				CLANG_ENABLE_OBJC_WEAK = YES;
				CLANG_WARN_BLOCK_CAPTURE_AUTORELEASING = YES;
				CLANG_WARN_BOOL_CONVERSION = YES;
				CLANG_WARN_COMMA = YES;
				CLANG_WARN_CONSTANT_CONVERSION = YES;
				CLANG_WARN_DEPRECATED_OBJC_IMPLEMENTATIONS = YES;
				CLANG_WARN_DIRECT_OBJC_ISA_USAGE = YES_ERROR;
				CLANG_WARN_DOCUMENTATION_COMMENTS = YES;
				CLANG_WARN_EMPTY_BODY = YES;
				CLANG_WARN_ENUM_CONVERSION = YES;
				CLANG_WARN_INFINITE_RECURSION = YES;
				CLANG_WARN_INT_CONVERSION = YES;
				CLANG_WARN_NON_LITERAL_NULL_CONVERSION = YES;
				CLANG_WARN_OBJC_IMPLICIT_RETAIN_SELF = YES;
				CLANG_WARN_OBJC_LITERAL_CONVERSION = YES;
				CLANG_WARN_OBJC_ROOT_CLASS = YES_ERROR;
				CLANG_WARN_QUOTED_INCLUDE_IN_FRAMEWORK_HEADER = YES;
				CLANG_WARN_RANGE_LOOP_ANALYSIS = YES;
				CLANG_WARN_STRICT_PROTOTYPES = YES;
				CLANG_WARN_SUSPICIOUS_MOVE = YES;
				CLANG_WARN_UNGUARDED_AVAILABILITY = YES_AGGRESSIVE;
				CLANG_WARN_UNREACHABLE_CODE = YES;
				CLANG_WARN__DUPLICATE_METHOD_MATCH = YES;
				COPY_PHASE_STRIP = NO;
				DEBUG_INFORMATION_FORMAT = dwarf;
				ENABLE_STRICT_OBJC_MSGSEND = YES;
				ENABLE_TESTABILITY = YES;
				ENABLE_USER_SCRIPT_SANDBOXING = YES;
				GCC_C_LANGUAGE_STANDARD = gnu17;
				GCC_DYNAMIC_NO_PIC = NO;
				GCC_NO_COMMON_BLOCKS = YES;
				GCC_OPTIMIZATION_LEVEL = 0;
				GCC_PREPROCESSOR_DEFINITIONS = (
					"DEBUG=1",
					"$(inherited)",
				);
				GCC_WARN_64_TO_32_BIT_CONVERSION = YES;
				GCC_WARN_ABOUT_RETURN_TYPE = YES_ERROR;
				GCC_WARN_UNDECLARED_SELECTOR = YES;
				GCC_WARN_UNINITIALIZED_AUTOS = YES_AGGRESSIVE;
				GCC_WARN_UNUSED_FUNCTION = YES;
				GCC_WARN_UNUSED_VARIABLE = YES;
				IPHONEOS_DEPLOYMENT_TARGET = 17.5;
				LOCALIZATION_PREFERS_STRING_CATALOGS = YES;
				MTL_ENABLE_DEBUG_INFO = INCLUDE_SOURCE;
				MTL_FAST_MATH = YES;
				ONLY_ACTIVE_ARCH = YES;
				SDKROOT = iphoneos;
				SWIFT_ACTIVE_COMPILATION_CONDITIONS = "DEBUG $(inherited)";
				SWIFT_OPTIMIZATION_LEVEL = "-Onone";
			};
			name = Debug;
		};
		14830A092BFA743F002A41AB /* Release */ = {
			isa = XCBuildConfiguration;
			buildSettings = {
				ALWAYS_SEARCH_USER_PATHS = NO;
				ASSETCATALOG_COMPILER_GENERATE_SWIFT_ASSET_SYMBOL_EXTENSIONS = YES;
				CLANG_ANALYZER_NONNULL = YES;
				CLANG_ANALYZER_NUMBER_OBJECT_CONVERSION = YES_AGGRESSIVE;
				CLANG_CXX_LANGUAGE_STANDARD = "gnu++20";
				CLANG_ENABLE_MODULES = YES;
				CLANG_ENABLE_OBJC_ARC = YES;
				CLANG_ENABLE_OBJC_WEAK = YES;
				CLANG_WARN_BLOCK_CAPTURE_AUTORELEASING = YES;
				CLANG_WARN_BOOL_CONVERSION = YES;
				CLANG_WARN_COMMA = YES;
				CLANG_WARN_CONSTANT_CONVERSION = YES;
				CLANG_WARN_DEPRECATED_OBJC_IMPLEMENTATIONS = YES;
				CLANG_WARN_DIRECT_OBJC_ISA_USAGE = YES_ERROR;
				CLANG_WARN_DOCUMENTATION_COMMENTS = YES;
				CLANG_WARN_EMPTY_BODY = YES;
				CLANG_WARN_ENUM_CONVERSION = YES;
				CLANG_WARN_INFINITE_RECURSION = YES;
				CLANG_WARN_INT_CONVERSION = YES;
				CLANG_WARN_NON_LITERAL_NULL_CONVERSION = YES;
				CLANG_WARN_OBJC_IMPLICIT_RETAIN_SELF = YES;
				CLANG_WARN_OBJC_LITERAL_CONVERSION = YES;
				CLANG_WARN_OBJC_ROOT_CLASS = YES_ERROR;
				CLANG_WARN_QUOTED_INCLUDE_IN_FRAMEWORK_HEADER = YES;
				CLANG_WARN_RANGE_LOOP_ANALYSIS = YES;
				CLANG_WARN_STRICT_PROTOTYPES = YES;
				CLANG_WARN_SUSPICIOUS_MOVE = YES;
				CLANG_WARN_UNGUARDED_AVAILABILITY = YES_AGGRESSIVE;
				CLANG_WARN_UNREACHABLE_CODE = YES;
				CLANG_WARN__DUPLICATE_METHOD_MATCH = YES;
				COPY_PHASE_STRIP = NO;
				DEBUG_INFORMATION_FORMAT = "dwarf-with-dsym";
				ENABLE_NS_ASSERTIONS = NO;
				ENABLE_STRICT_OBJC_MSGSEND = YES;
				ENABLE_USER_SCRIPT_SANDBOXING = YES;
				GCC_C_LANGUAGE_STANDARD = gnu17;
				GCC_NO_COMMON_BLOCKS = YES;
				GCC_WARN_64_TO_32_BIT_CONVERSION = YES;
				GCC_WARN_ABOUT_RETURN_TYPE = YES_ERROR;
				GCC_WARN_UNDECLARED_SELECTOR = YES;
				GCC_WARN_UNINITIALIZED_AUTOS = YES_AGGRESSIVE;
				GCC_WARN_UNUSED_FUNCTION = YES;
				GCC_WARN_UNUSED_VARIABLE = YES;
				IPHONEOS_DEPLOYMENT_TARGET = 17.5;
				LOCALIZATION_PREFERS_STRING_CATALOGS = YES;
				MTL_ENABLE_DEBUG_INFO = NO;
				MTL_FAST_MATH = YES;
				SDKROOT = iphoneos;
				SWIFT_COMPILATION_MODE = wholemodule;
				VALIDATE_PRODUCT = YES;
			};
			name = Release;
		};
		14830A0B2BFA743F002A41AB /* Debug */ = {
			isa = XCBuildConfiguration;
			buildSettings = {
				ASSETCATALOG_COMPILER_APPICON_NAME = AppIcon;
				ASSETCATALOG_COMPILER_GLOBAL_ACCENT_COLOR_NAME = AccentColor;
				CODE_SIGN_STYLE = Automatic;
				CURRENT_PROJECT_VERSION = 2;
				DEVELOPMENT_ASSET_PATHS = "\"Eureka/Preview Content\"";
				DEVELOPMENT_TEAM = W6CBPL5U8L;
				ENABLE_PREVIEWS = YES;
				GENERATE_INFOPLIST_FILE = YES;
				INFOPLIST_KEY_UIApplicationSceneManifest_Generation = YES;
				INFOPLIST_KEY_UIApplicationSupportsIndirectInputEvents = YES;
				INFOPLIST_KEY_UILaunchScreen_Generation = YES;
				INFOPLIST_KEY_UISupportedInterfaceOrientations_iPad = "UIInterfaceOrientationPortrait UIInterfaceOrientationPortraitUpsideDown UIInterfaceOrientationLandscapeLeft UIInterfaceOrientationLandscapeRight";
				INFOPLIST_KEY_UISupportedInterfaceOrientations_iPhone = "UIInterfaceOrientationPortrait UIInterfaceOrientationLandscapeLeft UIInterfaceOrientationLandscapeRight";
				IPHONEOS_DEPLOYMENT_TARGET = 17.0;
				LD_RUNPATH_SEARCH_PATHS = (
					"$(inherited)",
					"@executable_path/Frameworks",
				);
				MARKETING_VERSION = 1.0;
				PRODUCT_BUNDLE_IDENTIFIER = FinalProject.Eureka;
				PRODUCT_NAME = "$(TARGET_NAME)";
				SUPPORTED_PLATFORMS = "iphoneos iphonesimulator";
				SUPPORTS_MACCATALYST = NO;
				SUPPORTS_MAC_DESIGNED_FOR_IPHONE_IPAD = NO;
				SUPPORTS_XR_DESIGNED_FOR_IPHONE_IPAD = NO;
				SWIFT_EMIT_LOC_STRINGS = YES;
				SWIFT_VERSION = 5.0;
				TARGETED_DEVICE_FAMILY = 1;
			};
			name = Debug;
		};
		14830A0C2BFA743F002A41AB /* Release */ = {
			isa = XCBuildConfiguration;
			buildSettings = {
				ASSETCATALOG_COMPILER_APPICON_NAME = AppIcon;
				ASSETCATALOG_COMPILER_GLOBAL_ACCENT_COLOR_NAME = AccentColor;
				CODE_SIGN_STYLE = Automatic;
				CURRENT_PROJECT_VERSION = 2;
				DEVELOPMENT_ASSET_PATHS = "\"Eureka/Preview Content\"";
				DEVELOPMENT_TEAM = W6CBPL5U8L;
				ENABLE_PREVIEWS = YES;
				GENERATE_INFOPLIST_FILE = YES;
				INFOPLIST_KEY_UIApplicationSceneManifest_Generation = YES;
				INFOPLIST_KEY_UIApplicationSupportsIndirectInputEvents = YES;
				INFOPLIST_KEY_UILaunchScreen_Generation = YES;
				INFOPLIST_KEY_UISupportedInterfaceOrientations_iPad = "UIInterfaceOrientationPortrait UIInterfaceOrientationPortraitUpsideDown UIInterfaceOrientationLandscapeLeft UIInterfaceOrientationLandscapeRight";
				INFOPLIST_KEY_UISupportedInterfaceOrientations_iPhone = "UIInterfaceOrientationPortrait UIInterfaceOrientationLandscapeLeft UIInterfaceOrientationLandscapeRight";
				IPHONEOS_DEPLOYMENT_TARGET = 17.0;
				LD_RUNPATH_SEARCH_PATHS = (
					"$(inherited)",
					"@executable_path/Frameworks",
				);
				MARKETING_VERSION = 1.0;
				PRODUCT_BUNDLE_IDENTIFIER = FinalProject.Eureka;
				PRODUCT_NAME = "$(TARGET_NAME)";
				SUPPORTED_PLATFORMS = "iphoneos iphonesimulator";
				SUPPORTS_MACCATALYST = NO;
				SUPPORTS_MAC_DESIGNED_FOR_IPHONE_IPAD = NO;
				SUPPORTS_XR_DESIGNED_FOR_IPHONE_IPAD = NO;
				SWIFT_EMIT_LOC_STRINGS = YES;
				SWIFT_VERSION = 5.0;
				TARGETED_DEVICE_FAMILY = 1;
			};
			name = Release;
		};
/* End XCBuildConfiguration section */

/* Begin XCConfigurationList section */
		148309F72BFA743E002A41AB /* Build configuration list for PBXProject "Eureka" */ = {
			isa = XCConfigurationList;
			buildConfigurations = (
				14830A082BFA743F002A41AB /* Debug */,
				14830A092BFA743F002A41AB /* Release */,
			);
			defaultConfigurationIsVisible = 0;
			defaultConfigurationName = Release;
		};
		14830A0A2BFA743F002A41AB /* Build configuration list for PBXNativeTarget "Eureka" */ = {
			isa = XCConfigurationList;
			buildConfigurations = (
				14830A0B2BFA743F002A41AB /* Debug */,
				14830A0C2BFA743F002A41AB /* Release */,
			);
			defaultConfigurationIsVisible = 0;
			defaultConfigurationName = Release;
		};
/* End XCConfigurationList section */

/* Begin XCRemoteSwiftPackageReference section */
		14830A0D2BFA74F0002A41AB /* XCRemoteSwiftPackageReference "firebase-ios-sdk" */ = {
			isa = XCRemoteSwiftPackageReference;
			repositoryURL = "https://github.com/firebase/firebase-ios-sdk.git";
			requirement = {
				kind = upToNextMajorVersion;
				minimumVersion = 10.26.0;
			};
		};
		14830A102BFA750B002A41AB /* XCRemoteSwiftPackageReference "lottie-ios" */ = {
			isa = XCRemoteSwiftPackageReference;
			repositoryURL = "https://github.com/airbnb/lottie-ios.git";
			requirement = {
				kind = upToNextMajorVersion;
				minimumVersion = 4.4.3;
			};
		};
/* End XCRemoteSwiftPackageReference section */

/* Begin XCSwiftPackageProductDependency section */
		14830A0E2BFA74F0002A41AB /* FirebaseFirestore */ = {
			isa = XCSwiftPackageProductDependency;
			package = 14830A0D2BFA74F0002A41AB /* XCRemoteSwiftPackageReference "firebase-ios-sdk" */;
			productName = FirebaseFirestore;
		};
		14830A112BFA750B002A41AB /* Lottie */ = {
			isa = XCSwiftPackageProductDependency;
			package = 14830A102BFA750B002A41AB /* XCRemoteSwiftPackageReference "lottie-ios" */;
			productName = Lottie;
		};
/* End XCSwiftPackageProductDependency section */
	};
	rootObject = 148309F42BFA743E002A41AB /* Project object */;
}
